
Microsoft Visual Studio Solution File, Format Version 12.00
# Visual Studio Version 17
VisualStudioVersion = 17.0.31903.59
MinimumVisualStudioVersion = 10.0.40219.1
Project("{FAE04EC0-301F-11D3-BF4B-00C04F79EFBC}") = "ClassLibrary", "ClassLibrary\ClassLibrary.csproj", "{856852C5-584A-4E4B-B175-E28F57F930C0}"
EndProject
Project("{FAE04EC0-301F-11D3-BF4B-00C04F79EFBC}") = "Tests", "Tests\Tests.csproj", "{1B4E1AD7-0704-4202-9E67-DD104D057AC2}"
EndProject
Project("{FAE04EC0-301F-11D3-BF4B-00C04F79EFBC}") = "ClassLibrary2", "ClassLibrary2\ClassLibrary2.csproj", "{A1C20450-B36E-4DCB-AA0D-8C06168B55C6}"
EndProject
Project("{FAE04EC0-301F-11D3-BF4B-00C04F79EFBC}") = "Tests2", "Tests2\Tests2.csproj", "{4D3BCD7A-FD6C-4C66-9A9F-9D124F1FBDB9}"
EndProject
Project("{2150E333-8FDC-42A3-9474-1A3956D46DE8}") = "Solution Items", "Solution Items", "{02EA681E-C7D8-13C7-8484-4AC65E1B71E8}"
	ProjectSection(SolutionItems) = preProject
		.runsettingsDISABLED = .runsettingsDISABLED
	EndProjectSection
EndProject
Project("{FAE04EC0-301F-11D3-BF4B-00C04F79EFBC}") = "Project1", "Project1\Project1.csproj", "{729B98D9-2646-484F-8352-C70D3D1928C6}"
EndProject
Global
	GlobalSection(SolutionConfigurationPlatforms) = preSolution
		Debug|Any CPU = Debug|Any CPU
		Debug|x64 = Debug|x64
		Debug|x86 = Debug|x86
		Release|Any CPU = Release|Any CPU
		Release|x64 = Release|x64
		Release|x86 = Release|x86
	EndGlobalSection
	GlobalSection(ProjectConfigurationPlatforms) = postSolution
		{856852C5-584A-4E4B-B175-E28F57F930C0}.Debug|Any CPU.ActiveCfg = Debug|Any CPU
		{856852C5-584A-4E4B-B175-E28F57F930C0}.Debug|Any CPU.Build.0 = Debug|Any CPU
		{856852C5-584A-4E4B-B175-E28F57F930C0}.Debug|x64.ActiveCfg = Debug|Any CPU
		{856852C5-584A-4E4B-B175-E28F57F930C0}.Debug|x64.Build.0 = Debug|Any CPU
		{856852C5-584A-4E4B-B175-E28F57F930C0}.Debug|x86.ActiveCfg = Debug|Any CPU
		{856852C5-584A-4E4B-B175-E28F57F930C0}.Debug|x86.Build.0 = Debug|Any CPU
		{856852C5-584A-4E4B-B175-E28F57F930C0}.Release|Any CPU.ActiveCfg = Release|Any CPU
		{856852C5-584A-4E4B-B175-E28F57F930C0}.Release|Any CPU.Build.0 = Release|Any CPU
		{856852C5-584A-4E4B-B175-E28F57F930C0}.Release|x64.ActiveCfg = Release|Any CPU
		{856852C5-584A-4E4B-B175-E28F57F930C0}.Release|x64.Build.0 = Release|Any CPU
		{856852C5-584A-4E4B-B175-E28F57F930C0}.Release|x86.ActiveCfg = Release|Any CPU
		{856852C5-584A-4E4B-B175-E28F57F930C0}.Release|x86.Build.0 = Release|Any CPU
		{1B4E1AD7-0704-4202-9E67-DD104D057AC2}.Debug|Any CPU.ActiveCfg = Debug|Any CPU
		{1B4E1AD7-0704-4202-9E67-DD104D057AC2}.Debug|Any CPU.Build.0 = Debug|Any CPU
		{1B4E1AD7-0704-4202-9E67-DD104D057AC2}.Debug|x64.ActiveCfg = Debug|Any CPU
		{1B4E1AD7-0704-4202-9E67-DD104D057AC2}.Debug|x64.Build.0 = Debug|Any CPU
		{1B4E1AD7-0704-4202-9E67-DD104D057AC2}.Debug|x86.ActiveCfg = Debug|Any CPU
		{1B4E1AD7-0704-4202-9E67-DD104D057AC2}.Debug|x86.Build.0 = Debug|Any CPU
		{1B4E1AD7-0704-4202-9E67-DD104D057AC2}.Release|Any CPU.ActiveCfg = Release|Any CPU
		{1B4E1AD7-0704-4202-9E67-DD104D057AC2}.Release|Any CPU.Build.0 = Release|Any CPU
		{1B4E1AD7-0704-4202-9E67-DD104D057AC2}.Release|x64.ActiveCfg = Release|Any CPU
		{1B4E1AD7-0704-4202-9E67-DD104D057AC2}.Release|x64.Build.0 = Release|Any CPU
		{1B4E1AD7-0704-4202-9E67-DD104D057AC2}.Release|x86.ActiveCfg = Release|Any CPU
		{1B4E1AD7-0704-4202-9E67-DD104D057AC2}.Release|x86.Build.0 = Release|Any CPU
		{A1C20450-B36E-4DCB-AA0D-8C06168B55C6}.Debug|Any CPU.ActiveCfg = Debug|Any CPU
		{A1C20450-B36E-4DCB-AA0D-8C06168B55C6}.Debug|Any CPU.Build.0 = Debug|Any CPU
		{A1C20450-B36E-4DCB-AA0D-8C06168B55C6}.Debug|x64.ActiveCfg = Debug|Any CPU
		{A1C20450-B36E-4DCB-AA0D-8C06168B55C6}.Debug|x64.Build.0 = Debug|Any CPU
		{A1C20450-B36E-4DCB-AA0D-8C06168B55C6}.Debug|x86.ActiveCfg = Debug|Any CPU
		{A1C20450-B36E-4DCB-AA0D-8C06168B55C6}.Debug|x86.Build.0 = Debug|Any CPU
		{A1C20450-B36E-4DCB-AA0D-8C06168B55C6}.Release|Any CPU.ActiveCfg = Release|Any CPU
		{A1C20450-B36E-4DCB-AA0D-8C06168B55C6}.Release|Any CPU.Build.0 = Release|Any CPU
		{A1C20450-B36E-4DCB-AA0D-8C06168B55C6}.Release|x64.ActiveCfg = Release|Any CPU
		{A1C20450-B36E-4DCB-AA0D-8C06168B55C6}.Release|x64.Build.0 = Release|Any CPU
		{A1C20450-B36E-4DCB-AA0D-8C06168B55C6}.Release|x86.ActiveCfg = Release|Any CPU
		{A1C20450-B36E-4DCB-AA0D-8C06168B55C6}.Release|x86.Build.0 = Release|Any CPU
		{4D3BCD7A-FD6C-4C66-9A9F-9D124F1FBDB9}.Debug|Any CPU.ActiveCfg = Debug|Any CPU
		{4D3BCD7A-FD6C-4C66-9A9F-9D124F1FBDB9}.Debug|Any CPU.Build.0 = Debug|Any CPU
		{4D3BCD7A-FD6C-4C66-9A9F-9D124F1FBDB9}.Debug|x64.ActiveCfg = Debug|Any CPU
		{4D3BCD7A-FD6C-4C66-9A9F-9D124F1FBDB9}.Debug|x64.Build.0 = Debug|Any CPU
		{4D3BCD7A-FD6C-4C66-9A9F-9D124F1FBDB9}.Debug|x86.ActiveCfg = Debug|Any CPU
		{4D3BCD7A-FD6C-4C66-9A9F-9D124F1FBDB9}.Debug|x86.Build.0 = Debug|Any CPU
		{4D3BCD7A-FD6C-4C66-9A9F-9D124F1FBDB9}.Release|Any CPU.ActiveCfg = Release|Any CPU
		{4D3BCD7A-FD6C-4C66-9A9F-9D124F1FBDB9}.Release|Any CPU.Build.0 = Release|Any CPU
		{4D3BCD7A-FD6C-4C66-9A9F-9D124F1FBDB9}.Release|x64.ActiveCfg = Release|Any CPU
		{4D3BCD7A-FD6C-4C66-9A9F-9D124F1FBDB9}.Release|x64.Build.0 = Release|Any CPU
		{4D3BCD7A-FD6C-4C66-9A9F-9D124F1FBDB9}.Release|x86.ActiveCfg = Release|Any CPU
		{4D3BCD7A-FD6C-4C66-9A9F-9D124F1FBDB9}.Release|x86.Build.0 = Release|Any CPU
		{729B98D9-2646-484F-8352-C70D3D1928C6}.Debug|Any CPU.ActiveCfg = Debug|Any CPU
		{729B98D9-2646-484F-8352-C70D3D1928C6}.Debug|Any CPU.Build.0 = Debug|Any CPU
		{729B98D9-2646-484F-8352-C70D3D1928C6}.Debug|x64.ActiveCfg = Debug|Any CPU
		{729B98D9-2646-484F-8352-C70D3D1928C6}.Debug|x64.Build.0 = Debug|Any CPU
		{729B98D9-2646-484F-8352-C70D3D1928C6}.Debug|x86.ActiveCfg = Debug|Any CPU
		{729B98D9-2646-484F-8352-C70D3D1928C6}.Debug|x86.Build.0 = Debug|Any CPU
		{729B98D9-2646-484F-8352-C70D3D1928C6}.Release|Any CPU.ActiveCfg = Release|Any CPU
		{729B98D9-2646-484F-8352-C70D3D1928C6}.Release|Any CPU.Build.0 = Release|Any CPU
		{729B98D9-2646-484F-8352-C70D3D1928C6}.Release|x64.ActiveCfg = Release|Any CPU
		{729B98D9-2646-484F-8352-C70D3D1928C6}.Release|x64.Build.0 = Release|Any CPU
		{729B98D9-2646-484F-8352-C70D3D1928C6}.Release|x86.ActiveCfg = Release|Any CPU
		{729B98D9-2646-484F-8352-C70D3D1928C6}.Release|x86.Build.0 = Release|Any CPU
	EndGlobalSection
	GlobalSection(SolutionProperties) = preSolution
		HideSolutionNode = FALSE
	EndGlobalSection
	GlobalSection(ExtensibilityGlobals) = postSolution
		SolutionGuid = {5F827995-2D6D-4F5B-B3FA-7FC510407FE6}
	EndGlobalSection
EndGlobal
